// !$*UTF8*$!
{
	archiveVersion = 1;
	classes = {
	};
	objectVersion = 56;
	objects = {

/* Begin PBXBuildFile section */
		6975E17129EF746B0002D88D /* NMS_CompanionApp.swift in Sources */ = {isa = PBXBuildFile; fileRef = 6975E17029EF746B0002D88D /* NMS_CompanionApp.swift */; };
		6975E17329EF746B0002D88D /* ContentView.swift in Sources */ = {isa = PBXBuildFile; fileRef = 6975E17229EF746B0002D88D /* ContentView.swift */; };
		6975E17529EF746E0002D88D /* Assets.xcassets in Resources */ = {isa = PBXBuildFile; fileRef = 6975E17429EF746E0002D88D /* Assets.xcassets */; };
		6975E17829EF746E0002D88D /* Preview Assets.xcassets in Resources */ = {isa = PBXBuildFile; fileRef = 6975E17729EF746E0002D88D /* Preview Assets.xcassets */; };
		6975E18229EF746F0002D88D /* NMS_CompanionTests.swift in Sources */ = {isa = PBXBuildFile; fileRef = 6975E18129EF746F0002D88D /* NMS_CompanionTests.swift */; };
		6975E18C29EF746F0002D88D /* NMS_CompanionUITests.swift in Sources */ = {isa = PBXBuildFile; fileRef = 6975E18B29EF746F0002D88D /* NMS_CompanionUITests.swift */; };
		6975E18E29EF746F0002D88D /* NMS_CompanionUITestsLaunchTests.swift in Sources */ = {isa = PBXBuildFile; fileRef = 6975E18D29EF746F0002D88D /* NMS_CompanionUITestsLaunchTests.swift */; };
/* End PBXBuildFile section */

/* Begin PBXContainerItemProxy section */
		6975E17E29EF746F0002D88D /* PBXContainerItemProxy */ = {
			isa = PBXContainerItemProxy;
			containerPortal = 6975E16529EF746B0002D88D /* Project object */;
			proxyType = 1;
			remoteGlobalIDString = 6975E16C29EF746B0002D88D;
			remoteInfo = "NMS Companion";
		};
		6975E18829EF746F0002D88D /* PBXContainerItemProxy */ = {
			isa = PBXContainerItemProxy;
			containerPortal = 6975E16529EF746B0002D88D /* Project object */;
			proxyType = 1;
			remoteGlobalIDString = 6975E16C29EF746B0002D88D;
			remoteInfo = "NMS Companion";
		};
/* End PBXContainerItemProxy section */

/* Begin PBXFileReference section */
		6975E16D29EF746B0002D88D /* NMS Companion.app */ = {isa = PBXFileReference; explicitFileType = wrapper.application; includeInIndex = 0; path = "NMS Companion.app"; sourceTree = BUILT_PRODUCTS_DIR; };
		6975E17029EF746B0002D88D /* NMS_CompanionApp.swift */ = {isa = PBXFileReference; lastKnownFileType = sourcecode.swift; path = NMS_CompanionApp.swift; sourceTree = "<group>"; };
		6975E17229EF746B0002D88D /* ContentView.swift */ = {isa = PBXFileReference; lastKnownFileType = sourcecode.swift; path = ContentView.swift; sourceTree = "<group>"; };
		6975E17429EF746E0002D88D /* Assets.xcassets */ = {isa = PBXFileReference; lastKnownFileType = folder.assetcatalog; path = Assets.xcassets; sourceTree = "<group>"; };
		6975E17729EF746E0002D88D /* Preview Assets.xcassets */ = {isa = PBXFileReference; lastKnownFileType = folder.assetcatalog; path = "Preview Assets.xcassets"; sourceTree = "<group>"; };
		6975E17D29EF746F0002D88D /* NMS CompanionTests.xctest */ = {isa = PBXFileReference; explicitFileType = wrapper.cfbundle; includeInIndex = 0; path = "NMS CompanionTests.xctest"; sourceTree = BUILT_PRODUCTS_DIR; };
		6975E18129EF746F0002D88D /* NMS_CompanionTests.swift */ = {isa = PBXFileReference; lastKnownFileType = sourcecode.swift; path = NMS_CompanionTests.swift; sourceTree = "<group>"; };
		6975E18729EF746F0002D88D /* NMS CompanionUITests.xctest */ = {isa = PBXFileReference; explicitFileType = wrapper.cfbundle; includeInIndex = 0; path = "NMS CompanionUITests.xctest"; sourceTree = BUILT_PRODUCTS_DIR; };
		6975E18B29EF746F0002D88D /* NMS_CompanionUITests.swift */ = {isa = PBXFileReference; lastKnownFileType = sourcecode.swift; path = NMS_CompanionUITests.swift; sourceTree = "<group>"; };
		6975E18D29EF746F0002D88D /* NMS_CompanionUITestsLaunchTests.swift */ = {isa = PBXFileReference; lastKnownFileType = sourcecode.swift; path = NMS_CompanionUITestsLaunchTests.swift; sourceTree = "<group>"; };
/* End PBXFileReference section */

/* Begin PBXFrameworksBuildPhase section */
		6975E16A29EF746B0002D88D /* Frameworks */ = {
			isa = PBXFrameworksBuildPhase;
			buildActionMask = 2147483647;
			files = (
			);
			runOnlyForDeploymentPostprocessing = 0;
		};
		6975E17A29EF746F0002D88D /* Frameworks */ = {
			isa = PBXFrameworksBuildPhase;
			buildActionMask = 2147483647;
			files = (
			);
			runOnlyForDeploymentPostprocessing = 0;
		};
		6975E18429EF746F0002D88D /* Frameworks */ = {
			isa = PBXFrameworksBuildPhase;
			buildActionMask = 2147483647;
			files = (
			);
			runOnlyForDeploymentPostprocessing = 0;
		};
/* End PBXFrameworksBuildPhase section */

/* Begin PBXGroup section */
		6975E16429EF746A0002D88D = {
			isa = PBXGroup;
			children = (
				6975E16F29EF746B0002D88D /* NMS Companion */,
				6975E18029EF746F0002D88D /* NMS CompanionTests */,
				6975E18A29EF746F0002D88D /* NMS CompanionUITests */,
				6975E16E29EF746B0002D88D /* Products */,
			);
			sourceTree = "<group>";
		};
		6975E16E29EF746B0002D88D /* Products */ = {
			isa = PBXGroup;
			children = (
				6975E16D29EF746B0002D88D /* NMS Companion.app */,
				6975E17D29EF746F0002D88D /* NMS CompanionTests.xctest */,
				6975E18729EF746F0002D88D /* NMS CompanionUITests.xctest */,
			);
			name = Products;
			sourceTree = "<group>";
		};
		6975E16F29EF746B0002D88D /* NMS Companion */ = {
			isa = PBXGroup;
			children = (
				6975E17029EF746B0002D88D /* NMS_CompanionApp.swift */,
				6975E17229EF746B0002D88D /* ContentView.swift */,
				6975E17429EF746E0002D88D /* Assets.xcassets */,
				6975E17629EF746E0002D88D /* Preview Content */,
			);
			path = "NMS Companion";
			sourceTree = "<group>";
		};
		6975E17629EF746E0002D88D /* Preview Content */ = {
			isa = PBXGroup;
			children = (
				6975E17729EF746E0002D88D /* Preview Assets.xcassets */,
			);
			path = "Preview Content";
			sourceTree = "<group>";
		};
		6975E18029EF746F0002D88D /* NMS CompanionTests */ = {
			isa = PBXGroup;
			children = (
				6975E18129EF746F0002D88D /* NMS_CompanionTests.swift */,
			);
			path = "NMS CompanionTests";
			sourceTree = "<group>";
		};
		6975E18A29EF746F0002D88D /* NMS CompanionUITests */ = {
			isa = PBXGroup;
			children = (
				6975E18B29EF746F0002D88D /* NMS_CompanionUITests.swift */,
				6975E18D29EF746F0002D88D /* NMS_CompanionUITestsLaunchTests.swift */,
			);
			path = "NMS CompanionUITests";
			sourceTree = "<group>";
		};
/* End PBXGroup section */

/* Begin PBXNativeTarget section */
		6975E16C29EF746B0002D88D /* NMS Companion */ = {
			isa = PBXNativeTarget;
			buildConfigurationList = 6975E19129EF746F0002D88D /* Build configuration list for PBXNativeTarget "NMS Companion" */;
			buildPhases = (
				6975E16929EF746B0002D88D /* Sources */,
				6975E16A29EF746B0002D88D /* Frameworks */,
				6975E16B29EF746B0002D88D /* Resources */,
			);
			buildRules = (
			);
			dependencies = (
			);
			name = "NMS Companion";
			productName = "NMS Companion";
			productReference = 6975E16D29EF746B0002D88D /* NMS Companion.app */;
			productType = "com.apple.product-type.application";
		};
		6975E17C29EF746F0002D88D /* NMS CompanionTests */ = {
			isa = PBXNativeTarget;
			buildConfigurationList = 6975E19429EF746F0002D88D /* Build configuration list for PBXNativeTarget "NMS CompanionTests" */;
			buildPhases = (
				6975E17929EF746F0002D88D /* Sources */,
				6975E17A29EF746F0002D88D /* Frameworks */,
				6975E17B29EF746F0002D88D /* Resources */,
			);
			buildRules = (
			);
			dependencies = (
				6975E17F29EF746F0002D88D /* PBXTargetDependency */,
			);
			name = "NMS CompanionTests";
			productName = "NMS CompanionTests";
			productReference = 6975E17D29EF746F0002D88D /* NMS CompanionTests.xctest */;
			productType = "com.apple.product-type.bundle.unit-test";
		};
		6975E18629EF746F0002D88D /* NMS CompanionUITests */ = {
			isa = PBXNativeTarget;
			buildConfigurationList = 6975E19729EF746F0002D88D /* Build configuration list for PBXNativeTarget "NMS CompanionUITests" */;
			buildPhases = (
				6975E18329EF746F0002D88D /* Sources */,
				6975E18429EF746F0002D88D /* Frameworks */,
				6975E18529EF746F0002D88D /* Resources */,
			);
			buildRules = (
			);
			dependencies = (
				6975E18929EF746F0002D88D /* PBXTargetDependency */,
			);
			name = "NMS CompanionUITests";
			productName = "NMS CompanionUITests";
			productReference = 6975E18729EF746F0002D88D /* NMS CompanionUITests.xctest */;
			productType = "com.apple.product-type.bundle.ui-testing";
		};
/* End PBXNativeTarget section */

/* Begin PBXProject section */
		6975E16529EF746B0002D88D /* Project object */ = {
			isa = PBXProject;
			attributes = {
				BuildIndependentTargetsInParallel = 1;
				LastSwiftUpdateCheck = 1430;
				LastUpgradeCheck = 1430;
				TargetAttributes = {
					6975E16C29EF746B0002D88D = {
						CreatedOnToolsVersion = 14.3;
					};
					6975E17C29EF746F0002D88D = {
						CreatedOnToolsVersion = 14.3;
						TestTargetID = 6975E16C29EF746B0002D88D;
					};
					6975E18629EF746F0002D88D = {
						CreatedOnToolsVersion = 14.3;
						TestTargetID = 6975E16C29EF746B0002D88D;
					};
				};
			};
			buildConfigurationList = 6975E16829EF746B0002D88D /* Build configuration list for PBXProject "NMS Companion" */;
			compatibilityVersion = "Xcode 14.0";
			developmentRegion = en;
			hasScannedForEncodings = 0;
			knownRegions = (
				en,
				Base,
			);
			mainGroup = 6975E16429EF746A0002D88D;
			productRefGroup = 6975E16E29EF746B0002D88D /* Products */;
			projectDirPath = "";
			projectRoot = "";
			targets = (
				6975E16C29EF746B0002D88D /* NMS Companion */,
				6975E17C29EF746F0002D88D /* NMS CompanionTests */,
				6975E18629EF746F0002D88D /* NMS CompanionUITests */,
			);
		};
/* End PBXProject section */

/* Begin PBXResourcesBuildPhase section */
		6975E16B29EF746B0002D88D /* Resources */ = {
			isa = PBXResourcesBuildPhase;
			buildActionMask = 2147483647;
			files = (
				6975E17829EF746E0002D88D /* Preview Assets.xcassets in Resources */,
				6975E17529EF746E0002D88D /* Assets.xcassets in Resources */,
			);
			runOnlyForDeploymentPostprocessing = 0;
		};
		6975E17B29EF746F0002D88D /* Resources */ = {
			isa = PBXResourcesBuildPhase;
			buildActionMask = 2147483647;
			files = (
			);
			runOnlyForDeploymentPostprocessing = 0;
		};
		6975E18529EF746F0002D88D /* Resources */ = {
			isa = PBXResourcesBuildPhase;
			buildActionMask = 2147483647;
			files = (
			);
			runOnlyForDeploymentPostprocessing = 0;
		};
/* End PBXResourcesBuildPhase section */

/* Begin PBXSourcesBuildPhase section */
		6975E16929EF746B0002D88D /* Sources */ = {
			isa = PBXSourcesBuildPhase;
			buildActionMask = 2147483647;
			files = (
				6975E17329EF746B0002D88D /* ContentView.swift in Sources */,
				6975E17129EF746B0002D88D /* NMS_CompanionApp.swift in Sources */,
			);
			runOnlyForDeploymentPostprocessing = 0;
		};
		6975E17929EF746F0002D88D /* Sources */ = {
			isa = PBXSourcesBuildPhase;
			buildActionMask = 2147483647;
			files = (
				6975E18229EF746F0002D88D /* NMS_CompanionTests.swift in Sources */,
			);
			runOnlyForDeploymentPostprocessing = 0;
		};
		6975E18329EF746F0002D88D /* Sources */ = {
			isa = PBXSourcesBuildPhase;
			buildActionMask = 2147483647;
			files = (
				6975E18E29EF746F0002D88D /* NMS_CompanionUITestsLaunchTests.swift in Sources */,
				6975E18C29EF746F0002D88D /* NMS_CompanionUITests.swift in Sources */,
			);
			runOnlyForDeploymentPostprocessing = 0;
		};
/* End PBXSourcesBuildPhase section */

/* Begin PBXTargetDependency section */
		6975E17F29EF746F0002D88D /* PBXTargetDependency */ = {
			isa = PBXTargetDependency;
			target = 6975E16C29EF746B0002D88D /* NMS Companion */;
			targetProxy = 6975E17E29EF746F0002D88D /* PBXContainerItemProxy */;
		};
		6975E18929EF746F0002D88D /* PBXTargetDependency */ = {
			isa = PBXTargetDependency;
			target = 6975E16C29EF746B0002D88D /* NMS Companion */;
			targetProxy = 6975E18829EF746F0002D88D /* PBXContainerItemProxy */;
		};
/* End PBXTargetDependency section */

/* Begin XCBuildConfiguration section */
		6975E18F29EF746F0002D88D /* Debug */ = {
			isa = XCBuildConfiguration;
			buildSettings = {
				ALWAYS_SEARCH_USER_PATHS = NO;
				CLANG_ANALYZER_NONNULL = YES;
				CLANG_ANALYZER_NUMBER_OBJECT_CONVERSION = YES_AGGRESSIVE;
				CLANG_CXX_LANGUAGE_STANDARD = "gnu++20";
				CLANG_ENABLE_MODULES = YES;
				CLANG_ENABLE_OBJC_ARC = YES;
				CLANG_ENABLE_OBJC_WEAK = YES;
				CLANG_WARN_BLOCK_CAPTURE_AUTORELEASING = YES;
				CLANG_WARN_BOOL_CONVERSION = YES;
				CLANG_WARN_COMMA = YES;
				CLANG_WARN_CONSTANT_CONVERSION = YES;
				CLANG_WARN_DEPRECATED_OBJC_IMPLEMENTATIONS = YES;
				CLANG_WARN_DIRECT_OBJC_ISA_USAGE = YES_ERROR;
				CLANG_WARN_DOCUMENTATION_COMMENTS = YES;
				CLANG_WARN_EMPTY_BODY = YES;
				CLANG_WARN_ENUM_CONVERSION = YES;
				CLANG_WARN_INFINITE_RECURSION = YES;
				CLANG_WARN_INT_CONVERSION = YES;
				CLANG_WARN_NON_LITERAL_NULL_CONVERSION = YES;
				CLANG_WARN_OBJC_IMPLICIT_RETAIN_SELF = YES;
				CLANG_WARN_OBJC_LITERAL_CONVERSION = YES;
				CLANG_WARN_OBJC_ROOT_CLASS = YES_ERROR;
				CLANG_WARN_QUOTED_INCLUDE_IN_FRAMEWORK_HEADER = YES;
				CLANG_WARN_RANGE_LOOP_ANALYSIS = YES;
				CLANG_WARN_STRICT_PROTOTYPES = YES;
				CLANG_WARN_SUSPICIOUS_MOVE = YES;
				CLANG_WARN_UNGUARDED_AVAILABILITY = YES_AGGRESSIVE;
				CLANG_WARN_UNREACHABLE_CODE = YES;
				CLANG_WARN__DUPLICATE_METHOD_MATCH = YES;
				COPY_PHASE_STRIP = NO;
				DEBUG_INFORMATION_FORMAT = dwarf;
				ENABLE_STRICT_OBJC_MSGSEND = YES;
				ENABLE_TESTABILITY = YES;
				GCC_C_LANGUAGE_STANDARD = gnu11;
				GCC_DYNAMIC_NO_PIC = NO;
				GCC_NO_COMMON_BLOCKS = YES;
				GCC_OPTIMIZATION_LEVEL = 0;
				GCC_PREPROCESSOR_DEFINITIONS = (
					"DEBUG=1",
					"$(inherited)",
				);
				GCC_WARN_64_TO_32_BIT_CONVERSION = YES;
				GCC_WARN_ABOUT_RETURN_TYPE = YES_ERROR;
				GCC_WARN_UNDECLARED_SELECTOR = YES;
				GCC_WARN_UNINITIALIZED_AUTOS = YES_AGGRESSIVE;
				GCC_WARN_UNUSED_FUNCTION = YES;
				GCC_WARN_UNUSED_VARIABLE = YES;
				IPHONEOS_DEPLOYMENT_TARGET = 16.4;
				MTL_ENABLE_DEBUG_INFO = INCLUDE_SOURCE;
				MTL_FAST_MATH = YES;
				ONLY_ACTIVE_ARCH = YES;
				SDKROOT = iphoneos;
				SWIFT_ACTIVE_COMPILATION_CONDITIONS = DEBUG;
				SWIFT_OPTIMIZATION_LEVEL = "-Onone";
			};
			name = Debug;
		};
		6975E19029EF746F0002D88D /* Release */ = {
			isa = XCBuildConfiguration;
			buildSettings = {
				ALWAYS_SEARCH_USER_PATHS = NO;
				CLANG_ANALYZER_NONNULL = YES;
				CLANG_ANALYZER_NUMBER_OBJECT_CONVERSION = YES_AGGRESSIVE;
				CLANG_CXX_LANGUAGE_STANDARD = "gnu++20";
				CLANG_ENABLE_MODULES = YES;
				CLANG_ENABLE_OBJC_ARC = YES;
				CLANG_ENABLE_OBJC_WEAK = YES;
				CLANG_WARN_BLOCK_CAPTURE_AUTORELEASING = YES;
				CLANG_WARN_BOOL_CONVERSION = YES;
				CLANG_WARN_COMMA = YES;
				CLANG_WARN_CONSTANT_CONVERSION = YES;
				CLANG_WARN_DEPRECATED_OBJC_IMPLEMENTATIONS = YES;
				CLANG_WARN_DIRECT_OBJC_ISA_USAGE = YES_ERROR;
				CLANG_WARN_DOCUMENTATION_COMMENTS = YES;
				CLANG_WARN_EMPTY_BODY = YES;
				CLANG_WARN_ENUM_CONVERSION = YES;
				CLANG_WARN_INFINITE_RECURSION = YES;
				CLANG_WARN_INT_CONVERSION = YES;
				CLANG_WARN_NON_LITERAL_NULL_CONVERSION = YES;
				CLANG_WARN_OBJC_IMPLICIT_RETAIN_SELF = YES;
				CLANG_WARN_OBJC_LITERAL_CONVERSION = YES;
				CLANG_WARN_OBJC_ROOT_CLASS = YES_ERROR;
				CLANG_WARN_QUOTED_INCLUDE_IN_FRAMEWORK_HEADER = YES;
				CLANG_WARN_RANGE_LOOP_ANALYSIS = YES;
				CLANG_WARN_STRICT_PROTOTYPES = YES;
				CLANG_WARN_SUSPICIOUS_MOVE = YES;
				CLANG_WARN_UNGUARDED_AVAILABILITY = YES_AGGRESSIVE;
				CLANG_WARN_UNREACHABLE_CODE = YES;
				CLANG_WARN__DUPLICATE_METHOD_MATCH = YES;
				COPY_PHASE_STRIP = NO;
				DEBUG_INFORMATION_FORMAT = "dwarf-with-dsym";
				ENABLE_NS_ASSERTIONS = NO;
				ENABLE_STRICT_OBJC_MSGSEND = YES;
				GCC_C_LANGUAGE_STANDARD = gnu11;
				GCC_NO_COMMON_BLOCKS = YES;
				GCC_WARN_64_TO_32_BIT_CONVERSION = YES;
				GCC_WARN_ABOUT_RETURN_TYPE = YES_ERROR;
				GCC_WARN_UNDECLARED_SELECTOR = YES;
				GCC_WARN_UNINITIALIZED_AUTOS = YES_AGGRESSIVE;
				GCC_WARN_UNUSED_FUNCTION = YES;
				GCC_WARN_UNUSED_VARIABLE = YES;
				IPHONEOS_DEPLOYMENT_TARGET = 16.4;
				MTL_ENABLE_DEBUG_INFO = NO;
				MTL_FAST_MATH = YES;
				SDKROOT = iphoneos;
				SWIFT_COMPILATION_MODE = wholemodule;
				SWIFT_OPTIMIZATION_LEVEL = "-O";
				VALIDATE_PRODUCT = YES;
			};
			name = Release;
		};
		6975E19229EF746F0002D88D /* Debug */ = {
			isa = XCBuildConfiguration;
			buildSettings = {
				ASSETCATALOG_COMPILER_APPICON_NAME = AppIcon;
				ASSETCATALOG_COMPILER_GLOBAL_ACCENT_COLOR_NAME = AccentColor;
				CODE_SIGN_STYLE = Automatic;
				CURRENT_PROJECT_VERSION = 1;
				DEVELOPMENT_ASSET_PATHS = "\"NMS Companion/Preview Content\"";
				DEVELOPMENT_TEAM = QH9L26BSXY;
				ENABLE_PREVIEWS = YES;
				GENERATE_INFOPLIST_FILE = YES;
				INFOPLIST_KEY_UIApplicationSceneManifest_Generation = YES;
				INFOPLIST_KEY_UIApplicationSupportsIndirectInputEvents = YES;
				INFOPLIST_KEY_UILaunchScreen_Generation = YES;
				INFOPLIST_KEY_UISupportedInterfaceOrientations_iPad = "UIInterfaceOrientationPortrait UIInterfaceOrientationPortraitUpsideDown UIInterfaceOrientationLandscapeLeft UIInterfaceOrientationLandscapeRight";
				INFOPLIST_KEY_UISupportedInterfaceOrientations_iPhone = "UIInterfaceOrientationPortrait UIInterfaceOrientationLandscapeLeft UIInterfaceOrientationLandscapeRight";
				LD_RUNPATH_SEARCH_PATHS = (
					"$(inherited)",
					"@executable_path/Frameworks",
				);
				MARKETING_VERSION = 1.0;
				PRODUCT_BUNDLE_IDENTIFIER = "org.kelleynet.NMS-Companion";
				PRODUCT_NAME = "$(TARGET_NAME)";
				SWIFT_EMIT_LOC_STRINGS = YES;
				SWIFT_VERSION = 5.0;
				TARGETED_DEVICE_FAMILY = "1,2";
			};
			name = Debug;
		};
		6975E19329EF746F0002D88D /* Release */ = {
			isa = XCBuildConfiguration;
			buildSettings = {
				ASSETCATALOG_COMPILER_APPICON_NAME = AppIcon;
				ASSETCATALOG_COMPILER_GLOBAL_ACCENT_COLOR_NAME = AccentColor;
				CODE_SIGN_STYLE = Automatic;
				CURRENT_PROJECT_VERSION = 1;
				DEVELOPMENT_ASSET_PATHS = "\"NMS Companion/Preview Content\"";
				DEVELOPMENT_TEAM = QH9L26BSXY;
				ENABLE_PREVIEWS = YES;
				GENERATE_INFOPLIST_FILE = YES;
				INFOPLIST_KEY_UIApplicationSceneManifest_Generation = YES;
				INFOPLIST_KEY_UIApplicationSupportsIndirectInputEvents = YES;
				INFOPLIST_KEY_UILaunchScreen_Generation = YES;
				INFOPLIST_KEY_UISupportedInterfaceOrientations_iPad = "UIInterfaceOrientationPortrait UIInterfaceOrientationPortraitUpsideDown UIInterfaceOrientationLandscapeLeft UIInterfaceOrientationLandscapeRight";
				INFOPLIST_KEY_UISupportedInterfaceOrientations_iPhone = "UIInterfaceOrientationPortrait UIInterfaceOrientationLandscapeLeft UIInterfaceOrientationLandscapeRight";
				LD_RUNPATH_SEARCH_PATHS = (
					"$(inherited)",
					"@executable_path/Frameworks",
				);
				MARKETING_VERSION = 1.0;
				PRODUCT_BUNDLE_IDENTIFIER = "org.kelleynet.NMS-Companion";
				PRODUCT_NAME = "$(TARGET_NAME)";
				SWIFT_EMIT_LOC_STRINGS = YES;
				SWIFT_VERSION = 5.0;
				TARGETED_DEVICE_FAMILY = "1,2";
			};
			name = Release;
		};
		6975E19529EF746F0002D88D /* Debug */ = {
			isa = XCBuildConfiguration;
			buildSettings = {
				ALWAYS_EMBED_SWIFT_STANDARD_LIBRARIES = YES;
				BUNDLE_LOADER = "$(TEST_HOST)";
				CODE_SIGN_STYLE = Automatic;
				CURRENT_PROJECT_VERSION = 1;
				DEVELOPMENT_TEAM = QH9L26BSXY;
				GENERATE_INFOPLIST_FILE = YES;
				IPHONEOS_DEPLOYMENT_TARGET = 16.4;
				MARKETING_VERSION = 1.0;
				PRODUCT_BUNDLE_IDENTIFIER = "org.kelleynet.NMS-CompanionTests";
				PRODUCT_NAME = "$(TARGET_NAME)";
				SWIFT_EMIT_LOC_STRINGS = NO;
				SWIFT_VERSION = 5.0;
				TARGETED_DEVICE_FAMILY = "1,2";
				TEST_HOST = "$(BUILT_PRODUCTS_DIR)/NMS Companion.app/$(BUNDLE_EXECUTABLE_FOLDER_PATH)/NMS Companion";
			};
			name = Debug;
		};
		6975E19629EF746F0002D88D /* Release */ = {
			isa = XCBuildConfiguration;
			buildSettings = {
				ALWAYS_EMBED_SWIFT_STANDARD_LIBRARIES = YES;
				BUNDLE_LOADER = "$(TEST_HOST)";
				CODE_SIGN_STYLE = Automatic;
				CURRENT_PROJECT_VERSION = 1;
				DEVELOPMENT_TEAM = QH9L26BSXY;
				GENERATE_INFOPLIST_FILE = YES;
				IPHONEOS_DEPLOYMENT_TARGET = 16.4;
				MARKETING_VERSION = 1.0;
				PRODUCT_BUNDLE_IDENTIFIER = "org.kelleynet.NMS-CompanionTests";
				PRODUCT_NAME = "$(TARGET_NAME)";
				SWIFT_EMIT_LOC_STRINGS = NO;
				SWIFT_VERSION = 5.0;
				TARGETED_DEVICE_FAMILY = "1,2";
				TEST_HOST = "$(BUILT_PRODUCTS_DIR)/NMS Companion.app/$(BUNDLE_EXECUTABLE_FOLDER_PATH)/NMS Companion";
			};
			name = Release;
		};
		6975E19829EF746F0002D88D /* Debug */ = {
			isa = XCBuildConfiguration;
			buildSettings = {
				ALWAYS_EMBED_SWIFT_STANDARD_LIBRARIES = YES;
				CODE_SIGN_STYLE = Automatic;
				CURRENT_PROJECT_VERSION = 1;
				DEVELOPMENT_TEAM = QH9L26BSXY;
				GENERATE_INFOPLIST_FILE = YES;
				MARKETING_VERSION = 1.0;
				PRODUCT_BUNDLE_IDENTIFIER = "org.kelleynet.NMS-CompanionUITests";
				PRODUCT_NAME = "$(TARGET_NAME)";
				SWIFT_EMIT_LOC_STRINGS = NO;
				SWIFT_VERSION = 5.0;
				TARGETED_DEVICE_FAMILY = "1,2";
				TEST_TARGET_NAME = "NMS Companion";
			};
			name = Debug;
		};
		6975E19929EF746F0002D88D /* Release */ = {
			isa = XCBuildConfiguration;
			buildSettings = {
				ALWAYS_EMBED_SWIFT_STANDARD_LIBRARIES = YES;
				CODE_SIGN_STYLE = Automatic;
				CURRENT_PROJECT_VERSION = 1;
				DEVELOPMENT_TEAM = QH9L26BSXY;
				GENERATE_INFOPLIST_FILE = YES;
				MARKETING_VERSION = 1.0;
				PRODUCT_BUNDLE_IDENTIFIER = "org.kelleynet.NMS-CompanionUITests";
				PRODUCT_NAME = "$(TARGET_NAME)";
				SWIFT_EMIT_LOC_STRINGS = NO;
				SWIFT_VERSION = 5.0;
				TARGETED_DEVICE_FAMILY = "1,2";
				TEST_TARGET_NAME = "NMS Companion";
			};
			name = Release;
		};
/* End XCBuildConfiguration section */

/* Begin XCConfigurationList section */
		6975E16829EF746B0002D88D /* Build configuration list for PBXProject "NMS Companion" */ = {
			isa = XCConfigurationList;
			buildConfigurations = (
				6975E18F29EF746F0002D88D /* Debug */,
				6975E19029EF746F0002D88D /* Release */,
			);
			defaultConfigurationIsVisible = 0;
			defaultConfigurationName = Release;
		};
		6975E19129EF746F0002D88D /* Build configuration list for PBXNativeTarget "NMS Companion" */ = {
			isa = XCConfigurationList;
			buildConfigurations = (
				6975E19229EF746F0002D88D /* Debug */,
				6975E19329EF746F0002D88D /* Release */,
			);
			defaultConfigurationIsVisible = 0;
			defaultConfigurationName = Release;
		};
		6975E19429EF746F0002D88D /* Build configuration list for PBXNativeTarget "NMS CompanionTests" */ = {
			isa = XCConfigurationList;
			buildConfigurations = (
				6975E19529EF746F0002D88D /* Debug */,
				6975E19629EF746F0002D88D /* Release */,
			);
			defaultConfigurationIsVisible = 0;
			defaultConfigurationName = Release;
		};
		6975E19729EF746F0002D88D /* Build configuration list for PBXNativeTarget "NMS CompanionUITests" */ = {
			isa = XCConfigurationList;
			buildConfigurations = (
				6975E19829EF746F0002D88D /* Debug */,
				6975E19929EF746F0002D88D /* Release */,
			);
			defaultConfigurationIsVisible = 0;
			defaultConfigurationName = Release;
		};
/* End XCConfigurationList section */
	};
	rootObject = 6975E16529EF746B0002D88D /* Project object */;
}
